
Microsoft Visual Studio Solution File, Format Version 12.00
# Visual Studio Version 17
VisualStudioVersion = 17.8.34330.188
MinimumVisualStudioVersion = 10.0.40219.1
Project("{8BC9CEB8-8B4A-11D0-8D11-00A0C91BC942}") = "MinecraftClone", "MinecraftClone\MinecraftClone.vcxproj", "{2F1A8EC6-1BE8-81CC-047C-F2F2F0E85D31}"
EndProject
Project("{8BC9CEB8-8B4A-11D0-8D11-00A0C91BC942}") = "DirectXTK_Desktop_2022_Win10", "MinecraftClone\vendor\DirectXTK\DirectXTK_Desktop_2022_Win10.vcxproj", "{E0B52AE7-E160-4D32-BF3F-910B785E5A8E}"
EndProject
Project("{8BC9CEB8-8B4A-11D0-8D11-00A0C91BC942}") = "ImGui", "MinecraftClone\vendor\imgui\ImGui.vcxproj", "{C0FF640D-2C14-8DBE-F595-301E616989EF}"
EndProject
Project("{8BC9CEB8-8B4A-11D0-8D11-00A0C91BC942}") = "OpenSimplexNoise", "MinecraftClone\vendor\OpenSimplexNoise\OpenSimplexNoise.vcxproj", "{37D5AAD5-23CE-C927-4C00-AFAC3858A933}"
EndProject
Global
	GlobalSection(SolutionConfigurationPlatforms) = preSolution
		Debug|x64 = Debug|x64
		Debug|x86 = Debug|x86
		Distribution|x64 = Distribution|x64
		Distribution|x86 = Distribution|x86
		Release|x64 = Release|x64
		Release|x86 = Release|x86
	EndGlobalSection
	GlobalSection(ProjectConfigurationPlatforms) = postSolution
		{2F1A8EC6-1BE8-81CC-047C-F2F2F0E85D31}.Debug|x64.ActiveCfg = Debug|x64
		{2F1A8EC6-1BE8-81CC-047C-F2F2F0E85D31}.Debug|x64.Build.0 = Debug|x64
		{2F1A8EC6-1BE8-81CC-047C-F2F2F0E85D31}.Debug|x86.ActiveCfg = Debug|x64
		{2F1A8EC6-1BE8-81CC-047C-F2F2F0E85D31}.Debug|x86.Build.0 = Debug|x64
		{2F1A8EC6-1BE8-81CC-047C-F2F2F0E85D31}.Distribution|x64.ActiveCfg = Distribution|x64
		{2F1A8EC6-1BE8-81CC-047C-F2F2F0E85D31}.Distribution|x64.Build.0 = Distribution|x64
		{2F1A8EC6-1BE8-81CC-047C-F2F2F0E85D31}.Distribution|x86.ActiveCfg = Distribution|x64
		{2F1A8EC6-1BE8-81CC-047C-F2F2F0E85D31}.Distribution|x86.Build.0 = Distribution|x64
		{2F1A8EC6-1BE8-81CC-047C-F2F2F0E85D31}.Release|x64.ActiveCfg = Release|x64
		{2F1A8EC6-1BE8-81CC-047C-F2F2F0E85D31}.Release|x64.Build.0 = Release|x64
		{2F1A8EC6-1BE8-81CC-047C-F2F2F0E85D31}.Release|x86.ActiveCfg = Release|x64
		{2F1A8EC6-1BE8-81CC-047C-F2F2F0E85D31}.Release|x86.Build.0 = Release|x64
		{E0B52AE7-E160-4D32-BF3F-910B785E5A8E}.Debug|x64.ActiveCfg = Debug|x64
		{E0B52AE7-E160-4D32-BF3F-910B785E5A8E}.Debug|x64.Build.0 = Debug|x64
		{E0B52AE7-E160-4D32-BF3F-910B785E5A8E}.Debug|x86.ActiveCfg = Debug|Win32
		{E0B52AE7-E160-4D32-BF3F-910B785E5A8E}.Debug|x86.Build.0 = Debug|Win32
		{E0B52AE7-E160-4D32-BF3F-910B785E5A8E}.Distribution|x64.ActiveCfg = Distribution|x64
		{E0B52AE7-E160-4D32-BF3F-910B785E5A8E}.Distribution|x64.Build.0 = Distribution|x64
		{E0B52AE7-E160-4D32-BF3F-910B785E5A8E}.Distribution|x86.ActiveCfg = Distribution|x64
		{E0B52AE7-E160-4D32-BF3F-910B785E5A8E}.Distribution|x86.Build.0 = Distribution|x64
		{E0B52AE7-E160-4D32-BF3F-910B785E5A8E}.Release|x64.ActiveCfg = Release|x64
		{E0B52AE7-E160-4D32-BF3F-910B785E5A8E}.Release|x64.Build.0 = Release|x64
		{E0B52AE7-E160-4D32-BF3F-910B785E5A8E}.Release|x86.ActiveCfg = Release|Win32
		{E0B52AE7-E160-4D32-BF3F-910B785E5A8E}.Release|x86.Build.0 = Release|Win32
		{C0FF640D-2C14-8DBE-F595-301E616989EF}.Debug|x64.ActiveCfg = Debug|x64
		{C0FF640D-2C14-8DBE-F595-301E616989EF}.Debug|x64.Build.0 = Debug|x64
		{C0FF640D-2C14-8DBE-F595-301E616989EF}.Debug|x86.ActiveCfg = Debug|x64
		{C0FF640D-2C14-8DBE-F595-301E616989EF}.Debug|x86.Build.0 = Debug|x64
		{C0FF640D-2C14-8DBE-F595-301E616989EF}.Distribution|x64.ActiveCfg = Distribution|x64
		{C0FF640D-2C14-8DBE-F595-301E616989EF}.Distribution|x64.Build.0 = Distribution|x64
		{C0FF640D-2C14-8DBE-F595-301E616989EF}.Distribution|x86.ActiveCfg = Distribution|x64
		{C0FF640D-2C14-8DBE-F595-301E616989EF}.Distribution|x86.Build.0 = Distribution|x64
		{C0FF640D-2C14-8DBE-F595-301E616989EF}.Release|x64.ActiveCfg = Release|x64
		{C0FF640D-2C14-8DBE-F595-301E616989EF}.Release|x64.Build.0 = Release|x64
		{C0FF640D-2C14-8DBE-F595-301E616989EF}.Release|x86.ActiveCfg = Release|x64
		{C0FF640D-2C14-8DBE-F595-301E616989EF}.Release|x86.Build.0 = Release|x64
		{37D5AAD5-23CE-C927-4C00-AFAC3858A933}.Debug|x64.ActiveCfg = Debug|x64
		{37D5AAD5-23CE-C927-4C00-AFAC3858A933}.Debug|x64.Build.0 = Debug|x64
		{37D5AAD5-23CE-C927-4C00-AFAC3858A933}.Debug|x86.ActiveCfg = Debug|x64
		{37D5AAD5-23CE-C927-4C00-AFAC3858A933}.Debug|x86.Build.0 = Debug|x64
		{37D5AAD5-23CE-C927-4C00-AFAC3858A933}.Distribution|x64.ActiveCfg = Distribution|x64
		{37D5AAD5-23CE-C927-4C00-AFAC3858A933}.Distribution|x64.Build.0 = Distribution|x64
		{37D5AAD5-23CE-C927-4C00-AFAC3858A933}.Distribution|x86.ActiveCfg = Distribution|x64
		{37D5AAD5-23CE-C927-4C00-AFAC3858A933}.Distribution|x86.Build.0 = Distribution|x64
		{37D5AAD5-23CE-C927-4C00-AFAC3858A933}.Release|x64.ActiveCfg = Release|x64
		{37D5AAD5-23CE-C927-4C00-AFAC3858A933}.Release|x64.Build.0 = Release|x64
		{37D5AAD5-23CE-C927-4C00-AFAC3858A933}.Release|x86.ActiveCfg = Release|x64
		{37D5AAD5-23CE-C927-4C00-AFAC3858A933}.Release|x86.Build.0 = Release|x64
	EndGlobalSection
	GlobalSection(SolutionProperties) = preSolution
		HideSolutionNode = FALSE
	EndGlobalSection
	GlobalSection(ExtensibilityGlobals) = postSolution
		SolutionGuid = {379098F7-141C-493B-A63F-B8978ECCDAD4}
	EndGlobalSection
EndGlobal
