
Microsoft Visual Studio Solution File, Format Version 12.00
# Visual Studio Version 17
Project("{8BC9CEB8-8B4A-11D0-8D11-00A0C91BC942}") = "MinecraftClone", "MinecraftClone\MinecraftClone.vcxproj", "{2F1A8EC6-1BE8-81CC-047C-F2F2F0E85D31}"
EndProject
Project("{2150E333-8FDC-42A3-9474-1A3956D46DE8}") = "Dependencies", "Dependencies", "{53E47842-3FC8-3998-A828-34EB942B241A}"
EndProject
Project("{8BC9CEB8-8B4A-11D0-8D11-00A0C91BC942}") = "ImGui", "MinecraftClone\vendor\imgui\ImGui.vcxproj", "{C0FF640D-2C14-8DBE-F595-301E616989EF}"
EndProject
Project("{8BC9CEB8-8B4A-11D0-8D11-00A0C91BC942}") = "OpenSimplexNoise", "MinecraftClone\vendor\OpenSimplexNoise\OpenSimplexNoise.vcxproj", "{37D5AAD5-23CE-C927-4C00-AFAC3858A933}"
EndProject
Project("{8BC9CEB8-8B4A-11D0-8D11-00A0C91BC942}") = "SimpleMath", "MinecraftClone\vendor\DirectXTK\SimpleMath.vcxproj", "{9932E494-85EA-25E2-EEF1-FE3DDAC8C0D2}"
EndProject
Global
	GlobalSection(SolutionConfigurationPlatforms) = preSolution
		Debug|x64 = Debug|x64
		Distribution|x64 = Distribution|x64
		Release|x64 = Release|x64
	EndGlobalSection
	GlobalSection(ProjectConfigurationPlatforms) = postSolution
		{2F1A8EC6-1BE8-81CC-047C-F2F2F0E85D31}.Debug|x64.ActiveCfg = Debug|x64
		{2F1A8EC6-1BE8-81CC-047C-F2F2F0E85D31}.Debug|x64.Build.0 = Debug|x64
		{2F1A8EC6-1BE8-81CC-047C-F2F2F0E85D31}.Distribution|x64.ActiveCfg = Distribution|x64
		{2F1A8EC6-1BE8-81CC-047C-F2F2F0E85D31}.Distribution|x64.Build.0 = Distribution|x64
		{2F1A8EC6-1BE8-81CC-047C-F2F2F0E85D31}.Release|x64.ActiveCfg = Release|x64
		{2F1A8EC6-1BE8-81CC-047C-F2F2F0E85D31}.Release|x64.Build.0 = Release|x64
		{C0FF640D-2C14-8DBE-F595-301E616989EF}.Debug|x64.ActiveCfg = Debug|x64
		{C0FF640D-2C14-8DBE-F595-301E616989EF}.Debug|x64.Build.0 = Debug|x64
		{C0FF640D-2C14-8DBE-F595-301E616989EF}.Distribution|x64.ActiveCfg = Distribution|x64
		{C0FF640D-2C14-8DBE-F595-301E616989EF}.Distribution|x64.Build.0 = Distribution|x64
		{C0FF640D-2C14-8DBE-F595-301E616989EF}.Release|x64.ActiveCfg = Release|x64
		{C0FF640D-2C14-8DBE-F595-301E616989EF}.Release|x64.Build.0 = Release|x64
		{37D5AAD5-23CE-C927-4C00-AFAC3858A933}.Debug|x64.ActiveCfg = Debug|x64
		{37D5AAD5-23CE-C927-4C00-AFAC3858A933}.Debug|x64.Build.0 = Debug|x64
		{37D5AAD5-23CE-C927-4C00-AFAC3858A933}.Distribution|x64.ActiveCfg = Distribution|x64
		{37D5AAD5-23CE-C927-4C00-AFAC3858A933}.Distribution|x64.Build.0 = Distribution|x64
		{37D5AAD5-23CE-C927-4C00-AFAC3858A933}.Release|x64.ActiveCfg = Release|x64
		{37D5AAD5-23CE-C927-4C00-AFAC3858A933}.Release|x64.Build.0 = Release|x64
		{9932E494-85EA-25E2-EEF1-FE3DDAC8C0D2}.Debug|x64.ActiveCfg = Debug|x64
		{9932E494-85EA-25E2-EEF1-FE3DDAC8C0D2}.Debug|x64.Build.0 = Debug|x64
		{9932E494-85EA-25E2-EEF1-FE3DDAC8C0D2}.Distribution|x64.ActiveCfg = Distribution|x64
		{9932E494-85EA-25E2-EEF1-FE3DDAC8C0D2}.Distribution|x64.Build.0 = Distribution|x64
		{9932E494-85EA-25E2-EEF1-FE3DDAC8C0D2}.Release|x64.ActiveCfg = Release|x64
		{9932E494-85EA-25E2-EEF1-FE3DDAC8C0D2}.Release|x64.Build.0 = Release|x64
	EndGlobalSection
	GlobalSection(SolutionProperties) = preSolution
		HideSolutionNode = FALSE
	EndGlobalSection
	GlobalSection(NestedProjects) = preSolution
		{C0FF640D-2C14-8DBE-F595-301E616989EF} = {53E47842-3FC8-3998-A828-34EB942B241A}
		{37D5AAD5-23CE-C927-4C00-AFAC3858A933} = {53E47842-3FC8-3998-A828-34EB942B241A}
		{9932E494-85EA-25E2-EEF1-FE3DDAC8C0D2} = {53E47842-3FC8-3998-A828-34EB942B241A}
	EndGlobalSection
EndGlobal
