<?xml version="1.0" encoding="utf-8"?>
<Project ToolsVersion="4.0" xmlns="http://schemas.microsoft.com/developer/msbuild/2003">
  <ItemGroup>
    <Filter Include="Core">
      <UniqueIdentifier>{2EB4837C-1AEB-840D-C3D7-6A10AFED000F}</UniqueIdentifier>
    </Filter>
    <Filter Include="Geometry">
      <UniqueIdentifier>{31B8896B-1D85-E476-469E-D21E32CA1905}</UniqueIdentifier>
    </Filter>
    <Filter Include="Graphics">
      <UniqueIdentifier>{1653CE33-0220-293F-2B39-17E717655ECD}</UniqueIdentifier>
    </Filter>
    <Filter Include="Scene">
      <UniqueIdentifier>{B3F7140E-1F0C-3DBF-E88D-E01E546139F0}</UniqueIdentifier>
    </Filter>
    <Filter Include="Shaders">
      <UniqueIdentifier>{EFAC8DF2-5B8C-0C8E-64A4-9764D00273EF}</UniqueIdentifier>
    </Filter>
    <Filter Include="Utils">
      <UniqueIdentifier>{F68B420E-62A0-6ABF-2B22-0E1F97F566F0}</UniqueIdentifier>
    </Filter>
  </ItemGroup>
  <ItemGroup>
    <ClInclude Include="src\BlockHandler.h" />
    <ClInclude Include="src\Camera.h" />
    <ClInclude Include="src\Core\GraphicsEngine.h">
      <Filter>Core</Filter>
    </ClInclude>
    <ClInclude Include="src\Core\ImGuiUI.h">
      <Filter>Core</Filter>
    </ClInclude>
    <ClInclude Include="src\Core\InputManager.h">
      <Filter>Core</Filter>
    </ClInclude>
    <ClInclude Include="src\Core\Logger.h">
      <Filter>Core</Filter>
    </ClInclude>
    <ClInclude Include="src\Core\Renderer.h">
      <Filter>Core</Filter>
    </ClInclude>
    <ClInclude Include="src\Core\WindowManager.h">
      <Filter>Core</Filter>
    </ClInclude>
    <ClInclude Include="src\Frustum.h" />
    <ClInclude Include="src\Graphics\Texture.h">
      <Filter>Graphics</Filter>
    </ClInclude>
    <ClInclude Include="src\Scene\Player.h" />
    <ClInclude Include="src\Precompiled.h" />
    <ClInclude Include="src\Scene\BlockMarker.h">
      <Filter>Scene</Filter>
    </ClInclude>
    <ClInclude Include="src\Scene\Chunk.h">
      <Filter>Scene</Filter>
    </ClInclude>
    <ClInclude Include="src\Scene\Clouds.h">
      <Filter>Scene</Filter>
    </ClInclude>
    <ClInclude Include="src\Scene\Scene.h">
      <Filter>Scene</Filter>
    </ClInclude>
    <ClInclude Include="src\Scene\Water.h">
      <Filter>Scene</Filter>
    </ClInclude>
    <ClInclude Include="src\Scene\World.h">
      <Filter>Scene</Filter>
    </ClInclude>
    <ClInclude Include="src\Settings.h" />
    <ClInclude Include="src\Utils\BasicUtils.h">
      <Filter>Utils</Filter>
    </ClInclude>
    <ClInclude Include="src\Utils\ChunkUtils.h">
      <Filter>Utils</Filter>
    </ClInclude>
    <ClInclude Include="src\Utils\D3D11Utils.h">
      <Filter>Utils</Filter>
    </ClInclude>
    <ClInclude Include="src\Utils\Hasher.h">
      <Filter>Utils</Filter>
    </ClInclude>
    <ClInclude Include="src\Utils\IntVector2D.h">
      <Filter>Utils</Filter>
    </ClInclude>
    <ClInclude Include="src\Utils\IntVector3D.h">
      <Filter>Utils</Filter>
    </ClInclude>
    <ClInclude Include="src\Utils\Timer.h">
      <Filter>Utils</Filter>
    </ClInclude>
    <ClInclude Include="src\Graphics\GraphicsCommon.h" />
    <ClInclude Include="src\Graphics\GraphicsPSO.h" />
    <ClInclude Include="src\Generators\ChunkGenerator.h" />
    <ClInclude Include="src\Generators\GeometryGenerator.h" />
    <ClInclude Include="src\Graphics\ConstantBuffer.h" />
    <ClInclude Include="src\Structs\ConstantBuffers.h" />
    <ClInclude Include="src\Structs\MeshData.h" />
    <ClInclude Include="src\Structs\Vertex.h" />
    <ClInclude Include="src\Generators\NoiseGenerator.h" />
    <ClInclude Include="src\Graphics\GraphicsResourceLibrary.h" />
  </ItemGroup>
  <ItemGroup>
    <ClCompile Include="src\Application.cpp" />
    <ClCompile Include="src\BlockHandler.cpp" />
    <ClCompile Include="src\Camera.cpp" />
    <ClCompile Include="src\Core\GraphicsEngine.cpp">
      <Filter>Core</Filter>
    </ClCompile>
    <ClCompile Include="src\Core\ImGuiUI.cpp">
      <Filter>Core</Filter>
    </ClCompile>
    <ClCompile Include="src\Core\InputManager.cpp">
      <Filter>Core</Filter>
    </ClCompile>
    <ClCompile Include="src\Core\Logger.cpp">
      <Filter>Core</Filter>
    </ClCompile>
    <ClCompile Include="src\Core\Renderer.cpp">
      <Filter>Core</Filter>
    </ClCompile>
    <ClCompile Include="src\Core\WindowManager.cpp">
      <Filter>Core</Filter>
    </ClCompile>
    <ClCompile Include="src\Frustum.cpp" />
    <ClCompile Include="src\Graphics\Texture.cpp">
      <Filter>Graphics</Filter>
    </ClCompile>
    <ClCompile Include="src\Scene\Player.cpp" />
    <ClCompile Include="src\Precompiled.cpp" />
    <ClCompile Include="src\Scene\BlockMarker.cpp">
      <Filter>Scene</Filter>
    </ClCompile>
    <ClCompile Include="src\Scene\Chunk.cpp">
      <Filter>Scene</Filter>
    </ClCompile>
    <ClCompile Include="src\Scene\Clouds.cpp">
      <Filter>Scene</Filter>
    </ClCompile>
    <ClCompile Include="src\Scene\Scene.cpp">
      <Filter>Scene</Filter>
    </ClCompile>
    <ClCompile Include="src\Scene\Water.cpp">
      <Filter>Scene</Filter>
    </ClCompile>
    <ClCompile Include="src\Scene\World.cpp">
      <Filter>Scene</Filter>
    </ClCompile>
    <ClCompile Include="src\Settings.cpp" />
    <ClCompile Include="src\Utils\BasicUtils.cpp">
      <Filter>Utils</Filter>
    </ClCompile>
    <ClCompile Include="src\Utils\ChunkUtils.cpp">
      <Filter>Utils</Filter>
    </ClCompile>
    <ClCompile Include="src\Utils\D3D11Utils.cpp">
      <Filter>Utils</Filter>
    </ClCompile>
    <ClCompile Include="src\Utils\IntVector2D.cpp">
      <Filter>Utils</Filter>
    </ClCompile>
    <ClCompile Include="src\Utils\IntVector3D.cpp">
      <Filter>Utils</Filter>
    </ClCompile>
    <ClCompile Include="src\Utils\Timer.cpp">
      <Filter>Utils</Filter>
    </ClCompile>
    <ClCompile Include="src\Graphics\GraphicsCommon.cpp" />
    <ClCompile Include="src\Graphics\GraphicsPSO.cpp" />
    <ClCompile Include="src\Generators\ChunkGenerator.cpp" />
    <ClCompile Include="src\Generators\GeometryGenerator.cpp" />
    <ClCompile Include="src\Generators\NoiseGenerator.cpp" />
    <ClCompile Include="src\Graphics\GraphicsResourceLibrary.cpp" />
  </ItemGroup>
  <ItemGroup>
    <FxCompile Include="src\Shaders\BlockMarkerPS.hlsl">
      <Filter>Shaders</Filter>
    </FxCompile>
    <FxCompile Include="src\Shaders\BlockMarkerVS.hlsl">
      <Filter>Shaders</Filter>
    </FxCompile>
    <FxCompile Include="src\Shaders\ChunkPS.hlsl">
      <Filter>Shaders</Filter>
    </FxCompile>
    <FxCompile Include="src\Shaders\ChunkVS.hlsl">
      <Filter>Shaders</Filter>
    </FxCompile>
    <FxCompile Include="src\Shaders\ColorPS.hlsl">
      <Filter>Shaders</Filter>
    </FxCompile>
    <FxCompile Include="src\Shaders\ColorVS.hlsl">
      <Filter>Shaders</Filter>
    </FxCompile>
    <FxCompile Include="src\Shaders\WaterPS.hlsl">
      <Filter>Shaders</Filter>
    </FxCompile>
    <FxCompile Include="src\Shaders\WaterVS.hlsl">
      <Filter>Shaders</Filter>
    </FxCompile>
    <FxCompile Include="src\Shaders\CloudPS.hlsl" />
    <FxCompile Include="src\Shaders\CloudVS.hlsl" />
  </ItemGroup>
  <ItemGroup>
    <None Include="src\Shaders\Common.hlsli">
      <Filter>Shaders</Filter>
    </None>
  </ItemGroup>
</Project>