<?xml version="1.0" encoding="utf-8"?>
<Project ToolsVersion="4.0" xmlns="http://schemas.microsoft.com/developer/msbuild/2003">
  <ItemGroup>
    <Filter Include="Graphics">
      <UniqueIdentifier>{1653CE33-0220-293F-2B39-17E717655ECD}</UniqueIdentifier>
    </Filter>
    <Filter Include="Managers">
      <UniqueIdentifier>{B34CFEBD-9F19-59C9-C832-4771B45E8E57}</UniqueIdentifier>
    </Filter>
    <Filter Include="Shaders">
      <UniqueIdentifier>{EFAC8DF2-5B8C-0C8E-64A4-9764D00273EF}</UniqueIdentifier>
    </Filter>
    <Filter Include="Utils">
      <UniqueIdentifier>{F68B420E-62A0-6ABF-2B22-0E1F97F566F0}</UniqueIdentifier>
    </Filter>
  </ItemGroup>
  <ItemGroup>
    <ClInclude Include="src\BlockHandler.h" />
    <ClInclude Include="src\Camera.h" />
    <ClInclude Include="src\Frustum.h" />
    <ClInclude Include="src\Graphics\ConstantBuffers.h">
      <Filter>Graphics</Filter>
    </ClInclude>
    <ClInclude Include="src\Graphics\Vertex.h">
      <Filter>Graphics</Filter>
    </ClInclude>
    <ClInclude Include="src\Player.h" />
    <ClInclude Include="src\Precompiled.h" />
    <ClInclude Include="src\Settings.h" />
    <ClInclude Include="src\Utils\BasicUtils.h">
      <Filter>Utils</Filter>
    </ClInclude>
    <ClInclude Include="src\Utils\ChunkUtils.h">
      <Filter>Utils</Filter>
    </ClInclude>
    <ClInclude Include="src\Utils\D3D11Utils.h">
      <Filter>Utils</Filter>
    </ClInclude>
    <ClInclude Include="src\Utils\IntVector2D.h">
      <Filter>Utils</Filter>
    </ClInclude>
    <ClInclude Include="src\Utils\IntVector3D.h">
      <Filter>Utils</Filter>
    </ClInclude>
    <ClInclude Include="src\Geometry\GeometryGenerator.h" />
    <ClInclude Include="src\Scene\BlockMarker.h" />
    <ClInclude Include="src\Scene\Chunk.h" />
    <ClInclude Include="src\Geometry\ChunkBuilder.h" />
    <ClInclude Include="src\Scene\Clouds.h" />
    <ClInclude Include="src\Graphics\MeshData.h" />
    <ClInclude Include="src\Core\Logger.h" />
    <ClInclude Include="src\Core\GraphicsEngine.h" />
    <ClInclude Include="src\Core\ImGuiUI.h" />
    <ClInclude Include="src\Core\InputManager.h" />
    <ClInclude Include="src\Core\WindowManager.h" />
    <ClInclude Include="src\Core\Renderer.h" />
    <ClInclude Include="src\Scene\Scene.h" />
    <ClInclude Include="src\Utils\Hasher.h" />
    <ClInclude Include="src\Utils\Timer.h" />
    <ClInclude Include="src\Scene\Water.h" />
    <ClInclude Include="src\Scene\World.h" />
    <ClInclude Include="src\Graphics\Texture.h" />
    <ClInclude Include="src\Graphics\TextureLibrary.h" />
  </ItemGroup>
  <ItemGroup>
    <ClCompile Include="src\Application.cpp" />
    <ClCompile Include="src\BlockHandler.cpp" />
    <ClCompile Include="src\Camera.cpp" />
    <ClCompile Include="src\Frustum.cpp" />
    <ClCompile Include="src\Player.cpp" />
    <ClCompile Include="src\Precompiled.cpp" />
    <ClCompile Include="src\Utils\BasicUtils.cpp">
      <Filter>Utils</Filter>
    </ClCompile>
    <ClCompile Include="src\Utils\ChunkUtils.cpp">
      <Filter>Utils</Filter>
    </ClCompile>
    <ClCompile Include="src\Utils\D3D11Utils.cpp">
      <Filter>Utils</Filter>
    </ClCompile>
    <ClCompile Include="src\Utils\IntVector2D.cpp">
      <Filter>Utils</Filter>
    </ClCompile>
    <ClCompile Include="src\Utils\IntVector3D.cpp">
      <Filter>Utils</Filter>
    </ClCompile>
    <ClCompile Include="src\Geometry\GeometryGenerator.cpp" />
    <ClCompile Include="src\Scene\BlockMarker.cpp" />
    <ClCompile Include="src\Scene\Chunk.cpp" />
    <ClCompile Include="src\Geometry\ChunkBuilder.cpp" />
    <ClCompile Include="src\Scene\Clouds.cpp" />
    <ClCompile Include="src\Core\Logger.cpp" />
    <ClCompile Include="src\Core\GraphicsEngine.cpp" />
    <ClCompile Include="src\Core\ImGuiUI.cpp" />
    <ClCompile Include="src\Core\InputManager.cpp" />
    <ClCompile Include="src\Core\WindowManager.cpp" />
    <ClCompile Include="src\Core\Renderer.cpp" />
    <ClCompile Include="src\Scene\Scene.cpp" />
    <ClCompile Include="src\Settings.cpp" />
    <ClCompile Include="src\Utils\Timer.cpp" />
    <ClCompile Include="src\Scene\Water.cpp" />
    <ClCompile Include="src\Scene\World.cpp" />
    <ClCompile Include="src\Graphics\Texture.cpp" />
    <ClCompile Include="src\Graphics\TextureLibrary.cpp" />
  </ItemGroup>
  <ItemGroup>
    <FxCompile Include="src\Shaders\BlockMarkerPS.hlsl">
      <Filter>Shaders</Filter>
    </FxCompile>
    <FxCompile Include="src\Shaders\BlockMarkerVS.hlsl">
      <Filter>Shaders</Filter>
    </FxCompile>
    <FxCompile Include="src\Shaders\ChunkPS.hlsl">
      <Filter>Shaders</Filter>
    </FxCompile>
    <FxCompile Include="src\Shaders\ChunkVS.hlsl">
      <Filter>Shaders</Filter>
    </FxCompile>
    <FxCompile Include="src\Shaders\CloudsPS.hlsl">
      <Filter>Shaders</Filter>
    </FxCompile>
    <FxCompile Include="src\Shaders\CloudsVS.hlsl">
      <Filter>Shaders</Filter>
    </FxCompile>
    <FxCompile Include="src\Shaders\ColorPS.hlsl">
      <Filter>Shaders</Filter>
    </FxCompile>
    <FxCompile Include="src\Shaders\ColorVS.hlsl">
      <Filter>Shaders</Filter>
    </FxCompile>
    <FxCompile Include="src\Shaders\WaterPS.hlsl">
      <Filter>Shaders</Filter>
    </FxCompile>
    <FxCompile Include="src\Shaders\WaterVS.hlsl">
      <Filter>Shaders</Filter>
    </FxCompile>
  </ItemGroup>
</Project>